
Microsoft Visual Studio Solution File, Format Version 12.00
# Visual Studio 2012
Project("{FAE04EC0-301F-11D3-BF4B-00C04F79EFBC}") = "API", "API\API.csproj", "{B17DE532-28AA-4C3D-9F6B-2FE87A7F03BE}"
EndProject
Project("{2150E333-8FDC-42A3-9474-1A3956D46DE8}") = "CORE", "CORE", "{03D51DD4-5484-48E6-B40F-461D887BDC30}"
EndProject
Project("{FAE04EC0-301F-11D3-BF4B-00C04F79EFBC}") = "API.DAL", "API.DAL\API.DAL.csproj", "{D5AB372E-DD5F-4525-97CC-6F8379C9B28C}"
EndProject
Project("{FAE04EC0-301F-11D3-BF4B-00C04F79EFBC}") = "API.DATA", "API.DATA\API.DATA.csproj", "{5662975C-8F53-44D6-AE0D-0CD78E465065}"
EndProject
Project("{2150E333-8FDC-42A3-9474-1A3956D46DE8}") = "SECURITY", "SECURITY", "{82EAE59D-0C10-421D-9E8C-2DE2BD0D2FE0}"
EndProject
Project("{FAE04EC0-301F-11D3-BF4B-00C04F79EFBC}") = "SECURITY.BLL", "SECURITY.BLL\SECURITY.BLL.csproj", "{1C20B032-9CDD-4ADA-9C87-FD3EAC7F6413}"
EndProject
Project("{FAE04EC0-301F-11D3-BF4B-00C04F79EFBC}") = "SECURITY.DAO", "SECURITY.DAO\SECURITY.DAO.csproj", "{D83F3E5A-9E56-4057-9AF2-8578EF033F5C}"
EndProject
Project("{FAE04EC0-301F-11D3-BF4B-00C04F79EFBC}") = "FRAMEWORK", "FRAMEWORK\FRAMEWORK.csproj", "{49ABABC1-76D8-4EFF-9608-F0A4FDC0CF66}"
EndProject
Project("{FAE04EC0-301F-11D3-BF4B-00C04F79EFBC}") = "STATIC", "STATIC\STATIC.csproj", "{BE1816EC-C82D-4F36-BA8E-C918040E10BF}"
EndProject
Project("{2150E333-8FDC-42A3-9474-1A3956D46DE8}") = "REPORT", "REPORT", "{FE149191-5094-41BD-A599-27FD171EAD7B}"
EndProject
Project("{FAE04EC0-301F-11D3-BF4B-00C04F79EFBC}") = "REPORT.BLL", "REPORT.BLL\REPORT.BLL.csproj", "{B012E30B-44E5-41E5-94BC-FC874F172EDC}"
EndProject
Project("{FAE04EC0-301F-11D3-BF4B-00C04F79EFBC}") = "REPORT.DAO", "REPORT.DAO\REPORT.DAO.csproj", "{AD34AF4B-9DC2-466B-9E5E-D6F61558EA19}"
EndProject
Project("{2150E333-8FDC-42A3-9474-1A3956D46DE8}") = "MODEL", "MODEL", "{3370AF52-3C21-4344-9DEB-4C60F2FF60FF}"
EndProject
Project("{FAE04EC0-301F-11D3-BF4B-00C04F79EFBC}") = "API.DAO", "API.DAO\API.DAO.csproj", "{09D68EFB-36F0-4CE6-8DC6-9E9DE57FA350}"
EndProject
Project("{FAE04EC0-301F-11D3-BF4B-00C04F79EFBC}") = "API.BLL", "API.BLL\API.BLL.csproj", "{D7F96F82-44A4-48BD-9700-A150FFEDC6B5}"
EndProject
Project("{FAE04EC0-301F-11D3-BF4B-00C04F79EFBC}") = "ACC.BLL", "ACC.BLL\ACC.BLL.csproj", "{E1585C71-DA06-455C-9C30-BF5317E3011D}"
EndProject
Project("{FAE04EC0-301F-11D3-BF4B-00C04F79EFBC}") = "ACC.DAO", "ACC.DAO\ACC.DAO.csproj", "{EC94FE8F-D28B-4525-BBA8-C45E51B4118F}"
EndProject
Global
	GlobalSection(SolutionConfigurationPlatforms) = preSolution
		Debug|Any CPU = Debug|Any CPU
		Release|Any CPU = Release|Any CPU
	EndGlobalSection
	GlobalSection(ProjectConfigurationPlatforms) = postSolution
		{B17DE532-28AA-4C3D-9F6B-2FE87A7F03BE}.Debug|Any CPU.ActiveCfg = Debug|Any CPU
		{B17DE532-28AA-4C3D-9F6B-2FE87A7F03BE}.Debug|Any CPU.Build.0 = Debug|Any CPU
		{B17DE532-28AA-4C3D-9F6B-2FE87A7F03BE}.Release|Any CPU.ActiveCfg = Release|Any CPU
		{B17DE532-28AA-4C3D-9F6B-2FE87A7F03BE}.Release|Any CPU.Build.0 = Release|Any CPU
		{D5AB372E-DD5F-4525-97CC-6F8379C9B28C}.Debug|Any CPU.ActiveCfg = Debug|Any CPU
		{D5AB372E-DD5F-4525-97CC-6F8379C9B28C}.Debug|Any CPU.Build.0 = Debug|Any CPU
		{D5AB372E-DD5F-4525-97CC-6F8379C9B28C}.Release|Any CPU.ActiveCfg = Release|Any CPU
		{D5AB372E-DD5F-4525-97CC-6F8379C9B28C}.Release|Any CPU.Build.0 = Release|Any CPU
		{5662975C-8F53-44D6-AE0D-0CD78E465065}.Debug|Any CPU.ActiveCfg = Debug|Any CPU
		{5662975C-8F53-44D6-AE0D-0CD78E465065}.Debug|Any CPU.Build.0 = Debug|Any CPU
		{5662975C-8F53-44D6-AE0D-0CD78E465065}.Release|Any CPU.ActiveCfg = Release|Any CPU
		{5662975C-8F53-44D6-AE0D-0CD78E465065}.Release|Any CPU.Build.0 = Release|Any CPU
		{1C20B032-9CDD-4ADA-9C87-FD3EAC7F6413}.Debug|Any CPU.ActiveCfg = Debug|Any CPU
		{1C20B032-9CDD-4ADA-9C87-FD3EAC7F6413}.Debug|Any CPU.Build.0 = Debug|Any CPU
		{1C20B032-9CDD-4ADA-9C87-FD3EAC7F6413}.Release|Any CPU.ActiveCfg = Release|Any CPU
		{1C20B032-9CDD-4ADA-9C87-FD3EAC7F6413}.Release|Any CPU.Build.0 = Release|Any CPU
		{D83F3E5A-9E56-4057-9AF2-8578EF033F5C}.Debug|Any CPU.ActiveCfg = Debug|Any CPU
		{D83F3E5A-9E56-4057-9AF2-8578EF033F5C}.Debug|Any CPU.Build.0 = Debug|Any CPU
		{D83F3E5A-9E56-4057-9AF2-8578EF033F5C}.Release|Any CPU.ActiveCfg = Release|Any CPU
		{D83F3E5A-9E56-4057-9AF2-8578EF033F5C}.Release|Any CPU.Build.0 = Release|Any CPU
		{49ABABC1-76D8-4EFF-9608-F0A4FDC0CF66}.Debug|Any CPU.ActiveCfg = Debug|Any CPU
		{49ABABC1-76D8-4EFF-9608-F0A4FDC0CF66}.Debug|Any CPU.Build.0 = Debug|Any CPU
		{49ABABC1-76D8-4EFF-9608-F0A4FDC0CF66}.Release|Any CPU.ActiveCfg = Release|Any CPU
		{49ABABC1-76D8-4EFF-9608-F0A4FDC0CF66}.Release|Any CPU.Build.0 = Release|Any CPU
		{BE1816EC-C82D-4F36-BA8E-C918040E10BF}.Debug|Any CPU.ActiveCfg = Debug|Any CPU
		{BE1816EC-C82D-4F36-BA8E-C918040E10BF}.Debug|Any CPU.Build.0 = Debug|Any CPU
		{BE1816EC-C82D-4F36-BA8E-C918040E10BF}.Release|Any CPU.ActiveCfg = Release|Any CPU
		{BE1816EC-C82D-4F36-BA8E-C918040E10BF}.Release|Any CPU.Build.0 = Release|Any CPU
		{B012E30B-44E5-41E5-94BC-FC874F172EDC}.Debug|Any CPU.ActiveCfg = Debug|Any CPU
		{B012E30B-44E5-41E5-94BC-FC874F172EDC}.Debug|Any CPU.Build.0 = Debug|Any CPU
		{B012E30B-44E5-41E5-94BC-FC874F172EDC}.Release|Any CPU.ActiveCfg = Release|Any CPU
		{B012E30B-44E5-41E5-94BC-FC874F172EDC}.Release|Any CPU.Build.0 = Release|Any CPU
		{AD34AF4B-9DC2-466B-9E5E-D6F61558EA19}.Debug|Any CPU.ActiveCfg = Debug|Any CPU
		{AD34AF4B-9DC2-466B-9E5E-D6F61558EA19}.Debug|Any CPU.Build.0 = Debug|Any CPU
		{AD34AF4B-9DC2-466B-9E5E-D6F61558EA19}.Release|Any CPU.ActiveCfg = Release|Any CPU
		{AD34AF4B-9DC2-466B-9E5E-D6F61558EA19}.Release|Any CPU.Build.0 = Release|Any CPU
		{09D68EFB-36F0-4CE6-8DC6-9E9DE57FA350}.Debug|Any CPU.ActiveCfg = Debug|Any CPU
		{09D68EFB-36F0-4CE6-8DC6-9E9DE57FA350}.Debug|Any CPU.Build.0 = Debug|Any CPU
		{09D68EFB-36F0-4CE6-8DC6-9E9DE57FA350}.Release|Any CPU.ActiveCfg = Release|Any CPU
		{09D68EFB-36F0-4CE6-8DC6-9E9DE57FA350}.Release|Any CPU.Build.0 = Release|Any CPU
		{D7F96F82-44A4-48BD-9700-A150FFEDC6B5}.Debug|Any CPU.ActiveCfg = Debug|Any CPU
		{D7F96F82-44A4-48BD-9700-A150FFEDC6B5}.Debug|Any CPU.Build.0 = Debug|Any CPU
		{D7F96F82-44A4-48BD-9700-A150FFEDC6B5}.Release|Any CPU.ActiveCfg = Release|Any CPU
		{D7F96F82-44A4-48BD-9700-A150FFEDC6B5}.Release|Any CPU.Build.0 = Release|Any CPU
		{E1585C71-DA06-455C-9C30-BF5317E3011D}.Debug|Any CPU.ActiveCfg = Debug|Any CPU
		{E1585C71-DA06-455C-9C30-BF5317E3011D}.Debug|Any CPU.Build.0 = Debug|Any CPU
		{E1585C71-DA06-455C-9C30-BF5317E3011D}.Release|Any CPU.ActiveCfg = Release|Any CPU
		{E1585C71-DA06-455C-9C30-BF5317E3011D}.Release|Any CPU.Build.0 = Release|Any CPU
		{EC94FE8F-D28B-4525-BBA8-C45E51B4118F}.Debug|Any CPU.ActiveCfg = Debug|Any CPU
		{EC94FE8F-D28B-4525-BBA8-C45E51B4118F}.Debug|Any CPU.Build.0 = Debug|Any CPU
		{EC94FE8F-D28B-4525-BBA8-C45E51B4118F}.Release|Any CPU.ActiveCfg = Release|Any CPU
		{EC94FE8F-D28B-4525-BBA8-C45E51B4118F}.Release|Any CPU.Build.0 = Release|Any CPU
	EndGlobalSection
	GlobalSection(SolutionProperties) = preSolution
		HideSolutionNode = FALSE
	EndGlobalSection
	GlobalSection(NestedProjects) = preSolution
		{D5AB372E-DD5F-4525-97CC-6F8379C9B28C} = {03D51DD4-5484-48E6-B40F-461D887BDC30}
		{5662975C-8F53-44D6-AE0D-0CD78E465065} = {03D51DD4-5484-48E6-B40F-461D887BDC30}
		{49ABABC1-76D8-4EFF-9608-F0A4FDC0CF66} = {03D51DD4-5484-48E6-B40F-461D887BDC30}
		{BE1816EC-C82D-4F36-BA8E-C918040E10BF} = {03D51DD4-5484-48E6-B40F-461D887BDC30}
		{1C20B032-9CDD-4ADA-9C87-FD3EAC7F6413} = {82EAE59D-0C10-421D-9E8C-2DE2BD0D2FE0}
		{D83F3E5A-9E56-4057-9AF2-8578EF033F5C} = {82EAE59D-0C10-421D-9E8C-2DE2BD0D2FE0}
		{B012E30B-44E5-41E5-94BC-FC874F172EDC} = {FE149191-5094-41BD-A599-27FD171EAD7B}
		{AD34AF4B-9DC2-466B-9E5E-D6F61558EA19} = {FE149191-5094-41BD-A599-27FD171EAD7B}
		{09D68EFB-36F0-4CE6-8DC6-9E9DE57FA350} = {3370AF52-3C21-4344-9DEB-4C60F2FF60FF}
		{D7F96F82-44A4-48BD-9700-A150FFEDC6B5} = {3370AF52-3C21-4344-9DEB-4C60F2FF60FF}
		{E1585C71-DA06-455C-9C30-BF5317E3011D} = {3370AF52-3C21-4344-9DEB-4C60F2FF60FF}
		{EC94FE8F-D28B-4525-BBA8-C45E51B4118F} = {3370AF52-3C21-4344-9DEB-4C60F2FF60FF}
	EndGlobalSection
EndGlobal
